
Microsoft Visual Studio Solution File, Format Version 12.00
# Visual Studio Version 17
VisualStudioVersion = 17.5.33502.453
MinimumVisualStudioVersion = 10.0.40219.1
Project("{FAE04EC0-301F-11D3-BF4B-00C04F79EFBC}") = "WrdEditor", "WrdEditor.csproj", "{F2CCEDA7-255A-41A4-848A-492C655F3456}"
EndProject
Global
	GlobalSection(SolutionConfigurationPlatforms) = preSolution
		Debug|Any CPU = Debug|Any CPU
		Release|Any CPU = Release|Any CPU
	EndGlobalSection
	GlobalSection(ProjectConfigurationPlatforms) = postSolution
		{F2CCEDA7-255A-41A4-848A-492C655F3456}.Debug|Any CPU.ActiveCfg = Debug|Any CPU
		{F2CCEDA7-255A-41A4-848A-492C655F3456}.Debug|Any CPU.Build.0 = Debug|Any CPU
		{F2CCEDA7-255A-41A4-848A-492C655F3456}.Release|Any CPU.ActiveCfg = Release|Any CPU
		{F2CCEDA7-255A-41A4-848A-492C655F3456}.Release|Any CPU.Build.0 = Release|Any CPU
	EndGlobalSection
	GlobalSection(SolutionProperties) = preSolution
		HideSolutionNode = FALSE
	EndGlobalSection
	GlobalSection(ExtensibilityGlobals) = postSolution
		SolutionGuid = {752D48F0-D502-47CE-9E8D-2A712F3B5A1E}
	EndGlobalSection
EndGlobal
